<Solution>
  <Folder Name="/src/">
    <Project Path="src/Kurio.AppHost/Kurio.AppHost.csproj" />
    <Project Path="src/Kurio.Avalonia/Kurio.Avalonia.csproj" />
    <Project Path="src/Kurio.Cli/Kurio.Cli.csproj" />
    <Project Path="src/Kurio.Core/Kurio.Core.csproj" />
    <Project Path="src/Kurio.Contracts/Kurio.Contracts.csproj" />
    <Project Path="src/Kurio.Server/Kurio.Server.csproj" />
    <Project Path="src/Kurio.ServiceDefaults/Kurio.ServiceDefaults.csproj" />
    <Project Path="src/Kurio.Web/Kurio.Web.csproj" />
  </Folder>
  <Folder Name="/test/">
    <Project Path="test/Kurio.Core.Tests/Kurio.Core.Tests.csproj" />
    <Project Path="test/Kurio.Server.Tests/Kurio.Server.Tests.csproj" />
  </Folder>

  <Folder Name="/misc/">
    <File Path="README.md" />
    <File Path="LICENSE" />
    <File Path=".gitattributes" />
    <File Path=".gitignore" />
    <File Path="Directory.Build.props" />
    <File Path="Directory.Build.targets" />
    <File Path="Directory.Packages.props" />
    <File Path=".editorconfig" />
  </Folder>
  <Folder Name="/.github/">
    <File Path=".github/copilot-instructions.md" />
  </Folder>
  <Folder Name="/docs/prd/">
    <File Path="docs/prd/web-dashboard.md" />
    <File Path="docs/prd/kurio-web-host.md" />
  </Folder>
</Solution>
